
Microsoft Visual Studio Solution File, Format Version 12.00
# Visual Studio 15
VisualStudioVersion = 15.0.26124.0
MinimumVisualStudioVersion = 15.0.26124.0
Project("{FAE04EC0-301F-11D3-BF4B-00C04F79EFBC}") = "API", "API\API.csproj", "{0AA65EF7-4B09-424B-BD6F-DDA3393A5A3D}"
EndProject
Project("{FAE04EC0-301F-11D3-BF4B-00C04F79EFBC}") = "Data", "Data\Data.csproj", "{57F6DBFF-F74D-4BB3-B770-EF8705FE5376}"
EndProject
Project("{FAE04EC0-301F-11D3-BF4B-00C04F79EFBC}") = "Business", "Business\Business.csproj", "{1A2AEEF1-B55A-42CA-B7BF-811A4EDC9097}"
EndProject
Project("{FAE04EC0-301F-11D3-BF4B-00C04F79EFBC}") = "Contract", "Contract\Contract.csproj", "{4E205FB7-9CE0-4C3F-AF64-0D4BF1708861}"
EndProject
Global
	GlobalSection(SolutionProperties) = preSolution
		HideSolutionNode = FALSE
	EndGlobalSection
	GlobalSection(SolutionConfigurationPlatforms) = preSolution
		Debug|Any CPU = Debug|Any CPU
		Debug|x64 = Debug|x64
		Debug|x86 = Debug|x86
		Release|Any CPU = Release|Any CPU
		Release|x64 = Release|x64
		Release|x86 = Release|x86
	EndGlobalSection
	GlobalSection(ProjectConfigurationPlatforms) = postSolution
		{0AA65EF7-4B09-424B-BD6F-DDA3393A5A3D}.Debug|Any CPU.ActiveCfg = Debug|Any CPU
		{0AA65EF7-4B09-424B-BD6F-DDA3393A5A3D}.Debug|Any CPU.Build.0 = Debug|Any CPU
		{0AA65EF7-4B09-424B-BD6F-DDA3393A5A3D}.Debug|x64.ActiveCfg = Debug|Any CPU
		{0AA65EF7-4B09-424B-BD6F-DDA3393A5A3D}.Debug|x64.Build.0 = Debug|Any CPU
		{0AA65EF7-4B09-424B-BD6F-DDA3393A5A3D}.Debug|x86.ActiveCfg = Debug|Any CPU
		{0AA65EF7-4B09-424B-BD6F-DDA3393A5A3D}.Debug|x86.Build.0 = Debug|Any CPU
		{0AA65EF7-4B09-424B-BD6F-DDA3393A5A3D}.Release|Any CPU.ActiveCfg = Release|Any CPU
		{0AA65EF7-4B09-424B-BD6F-DDA3393A5A3D}.Release|Any CPU.Build.0 = Release|Any CPU
		{0AA65EF7-4B09-424B-BD6F-DDA3393A5A3D}.Release|x64.ActiveCfg = Release|Any CPU
		{0AA65EF7-4B09-424B-BD6F-DDA3393A5A3D}.Release|x64.Build.0 = Release|Any CPU
		{0AA65EF7-4B09-424B-BD6F-DDA3393A5A3D}.Release|x86.ActiveCfg = Release|Any CPU
		{0AA65EF7-4B09-424B-BD6F-DDA3393A5A3D}.Release|x86.Build.0 = Release|Any CPU
		{57F6DBFF-F74D-4BB3-B770-EF8705FE5376}.Debug|Any CPU.ActiveCfg = Debug|Any CPU
		{57F6DBFF-F74D-4BB3-B770-EF8705FE5376}.Debug|Any CPU.Build.0 = Debug|Any CPU
		{57F6DBFF-F74D-4BB3-B770-EF8705FE5376}.Debug|x64.ActiveCfg = Debug|Any CPU
		{57F6DBFF-F74D-4BB3-B770-EF8705FE5376}.Debug|x64.Build.0 = Debug|Any CPU
		{57F6DBFF-F74D-4BB3-B770-EF8705FE5376}.Debug|x86.ActiveCfg = Debug|Any CPU
		{57F6DBFF-F74D-4BB3-B770-EF8705FE5376}.Debug|x86.Build.0 = Debug|Any CPU
		{57F6DBFF-F74D-4BB3-B770-EF8705FE5376}.Release|Any CPU.ActiveCfg = Release|Any CPU
		{57F6DBFF-F74D-4BB3-B770-EF8705FE5376}.Release|Any CPU.Build.0 = Release|Any CPU
		{57F6DBFF-F74D-4BB3-B770-EF8705FE5376}.Release|x64.ActiveCfg = Release|Any CPU
		{57F6DBFF-F74D-4BB3-B770-EF8705FE5376}.Release|x64.Build.0 = Release|Any CPU
		{57F6DBFF-F74D-4BB3-B770-EF8705FE5376}.Release|x86.ActiveCfg = Release|Any CPU
		{57F6DBFF-F74D-4BB3-B770-EF8705FE5376}.Release|x86.Build.0 = Release|Any CPU
		{1A2AEEF1-B55A-42CA-B7BF-811A4EDC9097}.Debug|Any CPU.ActiveCfg = Debug|Any CPU
		{1A2AEEF1-B55A-42CA-B7BF-811A4EDC9097}.Debug|Any CPU.Build.0 = Debug|Any CPU
		{1A2AEEF1-B55A-42CA-B7BF-811A4EDC9097}.Debug|x64.ActiveCfg = Debug|Any CPU
		{1A2AEEF1-B55A-42CA-B7BF-811A4EDC9097}.Debug|x64.Build.0 = Debug|Any CPU
		{1A2AEEF1-B55A-42CA-B7BF-811A4EDC9097}.Debug|x86.ActiveCfg = Debug|Any CPU
		{1A2AEEF1-B55A-42CA-B7BF-811A4EDC9097}.Debug|x86.Build.0 = Debug|Any CPU
		{1A2AEEF1-B55A-42CA-B7BF-811A4EDC9097}.Release|Any CPU.ActiveCfg = Release|Any CPU
		{1A2AEEF1-B55A-42CA-B7BF-811A4EDC9097}.Release|Any CPU.Build.0 = Release|Any CPU
		{1A2AEEF1-B55A-42CA-B7BF-811A4EDC9097}.Release|x64.ActiveCfg = Release|Any CPU
		{1A2AEEF1-B55A-42CA-B7BF-811A4EDC9097}.Release|x64.Build.0 = Release|Any CPU
		{1A2AEEF1-B55A-42CA-B7BF-811A4EDC9097}.Release|x86.ActiveCfg = Release|Any CPU
		{1A2AEEF1-B55A-42CA-B7BF-811A4EDC9097}.Release|x86.Build.0 = Release|Any CPU
		{4E205FB7-9CE0-4C3F-AF64-0D4BF1708861}.Debug|Any CPU.ActiveCfg = Debug|Any CPU
		{4E205FB7-9CE0-4C3F-AF64-0D4BF1708861}.Debug|Any CPU.Build.0 = Debug|Any CPU
		{4E205FB7-9CE0-4C3F-AF64-0D4BF1708861}.Debug|x64.ActiveCfg = Debug|Any CPU
		{4E205FB7-9CE0-4C3F-AF64-0D4BF1708861}.Debug|x64.Build.0 = Debug|Any CPU
		{4E205FB7-9CE0-4C3F-AF64-0D4BF1708861}.Debug|x86.ActiveCfg = Debug|Any CPU
		{4E205FB7-9CE0-4C3F-AF64-0D4BF1708861}.Debug|x86.Build.0 = Debug|Any CPU
		{4E205FB7-9CE0-4C3F-AF64-0D4BF1708861}.Release|Any CPU.ActiveCfg = Release|Any CPU
		{4E205FB7-9CE0-4C3F-AF64-0D4BF1708861}.Release|Any CPU.Build.0 = Release|Any CPU
		{4E205FB7-9CE0-4C3F-AF64-0D4BF1708861}.Release|x64.ActiveCfg = Release|Any CPU
		{4E205FB7-9CE0-4C3F-AF64-0D4BF1708861}.Release|x64.Build.0 = Release|Any CPU
		{4E205FB7-9CE0-4C3F-AF64-0D4BF1708861}.Release|x86.ActiveCfg = Release|Any CPU
		{4E205FB7-9CE0-4C3F-AF64-0D4BF1708861}.Release|x86.Build.0 = Release|Any CPU
	EndGlobalSection
EndGlobal
